# THIS IS AN AUTOGENERATED FILE. DO NOT EDIT THIS FILE DIRECTLY.
# yarn lockfile v1


"@types/node@18.19.44":
  version "18.19.44"
  resolved "https://registry.yarnpkg.com/@types/node/-/node-18.19.44.tgz#875a8322d17ff12bf82b3af8c07b9310a00e72f8"
  integrity sha512-ZsbGerYg72WMXUIE9fYxtvfzLEuq6q8mKERdWFnqTmOvudMxnz+CBNRoOwJ2kNpFOncrKjT1hZwxjlFgQ9qvQA==
  dependencies:
    undici-types "~5.26.4"

typescript@5.5.4:
  version "5.5.4"
  resolved "https://registry.yarnpkg.com/typescript/-/typescript-5.5.4.tgz#d9852d6c82bad2d2eda4fd74a5762a8f5909e9ba"
  integrity sha512-Mtq29sKDAEYP7aljRgtPOpTvOfbwRWlS6dPRzwjdE+C0R4brX/GUyhHSecbHMFLNBLcJIPt9nl9yG5TZ1weH+Q==

undici-types@~5.26.4:
  version "5.26.5"
  resolved "https://registry.yarnpkg.com/undici-types/-/undici-types-5.26.5.tgz#bcd539893d00b56e964fd2657a4866b221a65617"
  integrity sha512-JlCMO+ehdEIKqlFxk6IfVoAUVmgz7cU7zD/h9XZ0qzeosSHmUJVOzSQvvYSYWXkFXC+IfLKSIffhv0sVZup6pA==
